
Microsoft Visual Studio Solution File, Format Version 12.00
# Visual Studio Version 17
VisualStudioVersion = 17.3.32825.248
MinimumVisualStudioVersion = 10.0.40219.1
Project("{FAE04EC0-301F-11D3-BF4B-00C04F79EFBC}") = "Pot", "Pot.csproj", "{07BDCCBA-68DE-4CE6-BAE0-ABBEB218EC5B}"
EndProject
Global
	GlobalSection(SolutionConfigurationPlatforms) = preSolution
		Debug|Any CPU = Debug|Any CPU
		Release|Any CPU = Release|Any CPU
	EndGlobalSection
	GlobalSection(ProjectConfigurationPlatforms) = postSolution
		{07BDCCBA-68DE-4CE6-BAE0-ABBEB218EC5B}.Debug|Any CPU.ActiveCfg = Debug|Any CPU
		{07BDCCBA-68DE-4CE6-BAE0-ABBEB218EC5B}.Debug|Any CPU.Build.0 = Debug|Any CPU
		{07BDCCBA-68DE-4CE6-BAE0-ABBEB218EC5B}.Release|Any CPU.ActiveCfg = Release|Any CPU
		{07BDCCBA-68DE-4CE6-BAE0-ABBEB218EC5B}.Release|Any CPU.Build.0 = Release|Any CPU
	EndGlobalSection
	GlobalSection(SolutionProperties) = preSolution
		HideSolutionNode = FALSE
	EndGlobalSection
	GlobalSection(ExtensibilityGlobals) = postSolution
		SolutionGuid = {7E30CD3B-7975-4374-9855-FE001A978F3F}
	EndGlobalSection
EndGlobal
